
Microsoft Visual Studio Solution File, Format Version 12.00
# Visual Studio 15
VisualStudioVersion = 15.0.28010.2003
MinimumVisualStudioVersion = 10.0.40219.1
Project("{6EC3EE1D-3C4E-46DD-8F32-0CC8E7565705}") = "Snake", "Snake\Snake.fsproj", "{72B2E7C8-01F8-4A00-8EC9-0D87E64E01E7}"
EndProject
Project("{FAE04EC0-301F-11D3-BF4B-00C04F79EFBC}") = "AvaloniaApplication1", "AvaloniaApplication1\AvaloniaApplication1.csproj", "{4B8F293B-F692-4563-8946-DB30210965C9}"
EndProject
Global
	GlobalSection(SolutionConfigurationPlatforms) = preSolution
		Debug|Any CPU = Debug|Any CPU
		Release|Any CPU = Release|Any CPU
	EndGlobalSection
	GlobalSection(ProjectConfigurationPlatforms) = postSolution
		{72B2E7C8-01F8-4A00-8EC9-0D87E64E01E7}.Debug|Any CPU.ActiveCfg = Debug|Any CPU
		{72B2E7C8-01F8-4A00-8EC9-0D87E64E01E7}.Debug|Any CPU.Build.0 = Debug|Any CPU
		{72B2E7C8-01F8-4A00-8EC9-0D87E64E01E7}.Release|Any CPU.ActiveCfg = Release|Any CPU
		{72B2E7C8-01F8-4A00-8EC9-0D87E64E01E7}.Release|Any CPU.Build.0 = Release|Any CPU
		{4B8F293B-F692-4563-8946-DB30210965C9}.Debug|Any CPU.ActiveCfg = Debug|Any CPU
		{4B8F293B-F692-4563-8946-DB30210965C9}.Debug|Any CPU.Build.0 = Debug|Any CPU
		{4B8F293B-F692-4563-8946-DB30210965C9}.Release|Any CPU.ActiveCfg = Release|Any CPU
		{4B8F293B-F692-4563-8946-DB30210965C9}.Release|Any CPU.Build.0 = Release|Any CPU
	EndGlobalSection
	GlobalSection(SolutionProperties) = preSolution
		HideSolutionNode = FALSE
	EndGlobalSection
	GlobalSection(ExtensibilityGlobals) = postSolution
		SolutionGuid = {A3C92BAF-3E45-4A33-A6CC-BE7DE5A835AB}
	EndGlobalSection
EndGlobal
